
Microsoft Visual Studio Solution File, Format Version 12.00
# Visual Studio 15
VisualStudioVersion = 15.0.28306.52
MinimumVisualStudioVersion = 10.0.40219.1
Project("{FAE04EC0-301F-11D3-BF4B-00C04F79EFBC}") = "MedicalTest", "MedicalTest\MedicalTest.csproj", "{4E6A0AFD-44F4-4DDE-879E-28ED9631194D}"
EndProject
Global
	GlobalSection(SolutionConfigurationPlatforms) = preSolution
		Debug|Any CPU = Debug|Any CPU
		Release|Any CPU = Release|Any CPU
	EndGlobalSection
	GlobalSection(ProjectConfigurationPlatforms) = postSolution
		{4E6A0AFD-44F4-4DDE-879E-28ED9631194D}.Debug|Any CPU.ActiveCfg = Debug|Any CPU
		{4E6A0AFD-44F4-4DDE-879E-28ED9631194D}.Debug|Any CPU.Build.0 = Debug|Any CPU
		{4E6A0AFD-44F4-4DDE-879E-28ED9631194D}.Release|Any CPU.ActiveCfg = Release|Any CPU
		{4E6A0AFD-44F4-4DDE-879E-28ED9631194D}.Release|Any CPU.Build.0 = Release|Any CPU
	EndGlobalSection
	GlobalSection(SolutionProperties) = preSolution
		HideSolutionNode = FALSE
	EndGlobalSection
	GlobalSection(ExtensibilityGlobals) = postSolution
		SolutionGuid = {4D9DECAB-411D-49B3-8FCC-7BE5122E75B8}
	EndGlobalSection
EndGlobal
